{
    "name": "@gamely/love-engine",
    "version": "0.0.17",
    "lockfileVersion": 3,
    "requires": true,
    "packages": {
        "": {
            "name": "@gamely/love-engine",
            "version": "0.0.17",
            "license": "Apache-2.0",
            "funding": {
                "url": "https://github.com/sponsors/RodrigoDornelles"
            }
        }
    }
}
